
Microsoft Visual Studio Solution File, Format Version 12.00
# Visual Studio 14
VisualStudioVersion = 14.0.25420.1
MinimumVisualStudioVersion = 10.0.40219.1
Project("{FAE04EC0-301F-11D3-BF4B-00C04F79EFBC}") = "POCQueue", "POCQueue\POCQueue.csproj", "{03007B5E-C644-4C45-BF8B-FF7064996432}"
EndProject
Project("{FAE04EC0-301F-11D3-BF4B-00C04F79EFBC}") = "POCText", "POCTurningText\POCText.csproj", "{35DE9431-EB1F-4B3F-8F37-59E26A426231}"
EndProject
Global
	GlobalSection(SolutionConfigurationPlatforms) = preSolution
		Debug|Any CPU = Debug|Any CPU
		Release|Any CPU = Release|Any CPU
	EndGlobalSection
	GlobalSection(ProjectConfigurationPlatforms) = postSolution
		{03007B5E-C644-4C45-BF8B-FF7064996432}.Debug|Any CPU.ActiveCfg = Debug|Any CPU
		{03007B5E-C644-4C45-BF8B-FF7064996432}.Debug|Any CPU.Build.0 = Debug|Any CPU
		{03007B5E-C644-4C45-BF8B-FF7064996432}.Release|Any CPU.ActiveCfg = Release|Any CPU
		{03007B5E-C644-4C45-BF8B-FF7064996432}.Release|Any CPU.Build.0 = Release|Any CPU
		{35DE9431-EB1F-4B3F-8F37-59E26A426231}.Debug|Any CPU.ActiveCfg = Debug|Any CPU
		{35DE9431-EB1F-4B3F-8F37-59E26A426231}.Debug|Any CPU.Build.0 = Debug|Any CPU
		{35DE9431-EB1F-4B3F-8F37-59E26A426231}.Release|Any CPU.ActiveCfg = Release|Any CPU
		{35DE9431-EB1F-4B3F-8F37-59E26A426231}.Release|Any CPU.Build.0 = Release|Any CPU
	EndGlobalSection
	GlobalSection(SolutionProperties) = preSolution
		HideSolutionNode = FALSE
	EndGlobalSection
EndGlobal
